
Microsoft Visual Studio Solution File, Format Version 12.00
# Visual Studio 15
VisualStudioVersion = 15.0.26730.15
MinimumVisualStudioVersion = 10.0.40219.1
Project("{FAE04EC0-301F-11D3-BF4B-00C04F79EFBC}") = "Mech423Lab1", "Mech423Lab1.csproj", "{51BF288B-45ED-4BC5-939E-41411F5AF1DB}"
EndProject
Global
	GlobalSection(SolutionConfigurationPlatforms) = preSolution
		Debug|Any CPU = Debug|Any CPU
		Release|Any CPU = Release|Any CPU
	EndGlobalSection
	GlobalSection(ProjectConfigurationPlatforms) = postSolution
		{51BF288B-45ED-4BC5-939E-41411F5AF1DB}.Debug|Any CPU.ActiveCfg = Debug|Any CPU
		{51BF288B-45ED-4BC5-939E-41411F5AF1DB}.Debug|Any CPU.Build.0 = Debug|Any CPU
		{51BF288B-45ED-4BC5-939E-41411F5AF1DB}.Release|Any CPU.ActiveCfg = Release|Any CPU
		{51BF288B-45ED-4BC5-939E-41411F5AF1DB}.Release|Any CPU.Build.0 = Release|Any CPU
	EndGlobalSection
	GlobalSection(SolutionProperties) = preSolution
		HideSolutionNode = FALSE
	EndGlobalSection
	GlobalSection(ExtensibilityGlobals) = postSolution
		SolutionGuid = {6B6B00F8-42EF-4A58-9466-5DCA81D0F949}
	EndGlobalSection
EndGlobal
